<?xml version="1.0" encoding="utf-8"?>
<Project ToolsVersion="4.0" xmlns="http://schemas.microsoft.com/developer/msbuild/2003">
  <ItemGroup>
    <Filter Include="Quelldateien">
      <UniqueIdentifier>{4FC737F1-C7A5-4376-A066-2A32D752A2FF}</UniqueIdentifier>
      <Extensions>cpp;c;cc;cxx;def;odl;idl;hpj;bat;asm;asmx</Extensions>
    </Filter>
    <Filter Include="Headerdateien">
      <UniqueIdentifier>{93995380-89BD-4b04-88EB-625FBE52EBFB}</UniqueIdentifier>
      <Extensions>h;hh;hpp;hxx;hm;inl;inc;xsd</Extensions>
    </Filter>
    <Filter Include="Ressourcendateien">
      <UniqueIdentifier>{67DA6AB6-F800-4c08-8B7A-83BB121AAD01}</UniqueIdentifier>
      <Extensions>rc;ico;cur;bmp;dlg;rc2;rct;bin;rgs;gif;jpg;jpeg;jpe;resx;tiff;tif;png;wav;mfcribbon-ms</Extensions>
    </Filter>
    <Filter Include="Quelldateien\Scene">
      <UniqueIdentifier>{c6ab7c39-ffb1-4ac6-9792-1bb84ec36952}</UniqueIdentifier>
    </Filter>
    <Filter Include="Quelldateien\Scene\2DScene">
      <UniqueIdentifier>{a7e3ea24-47e9-46a8-9d18-b5b0e8d61ba3}</UniqueIdentifier>
    </Filter>
    <Filter Include="Quelldateien\System">
      <UniqueIdentifier>{4c5c7b32-f84d-4555-a58c-6c8e04ffcc01}</UniqueIdentifier>
    </Filter>
    <Filter Include="Quelldateien\SpriteBatch">
      <UniqueIdentifier>{346fa6bb-7c62-48ec-a24f-099cfd941921}</UniqueIdentifier>
    </Filter>
    <Filter Include="Quelldateien\SpriteFont">
      <UniqueIdentifier>{c6ae2578-bc28-4f9b-b98b-7100d938f650}</UniqueIdentifier>
    </Filter>
    <Filter Include="Quelldateien\Input">
      <UniqueIdentifier>{b0f2a242-a38a-4038-9a59-da9434611899}</UniqueIdentifier>
    </Filter>
    <Filter Include="Quelldateien\Timer">
      <UniqueIdentifier>{b329e0bd-ec8f-49f1-acf0-abbecdaf579c}</UniqueIdentifier>
    </Filter>
    <Filter Include="Quelldateien\Scene\3DScene">
      <UniqueIdentifier>{f24216f4-51c4-4f1b-87c4-d583cbe8e7d4}</UniqueIdentifier>
    </Filter>
    <Filter Include="Quelldateien\Scene\3DScene\Würfel">
      <UniqueIdentifier>{83b6242d-4098-474b-a91e-f625758e0f71}</UniqueIdentifier>
    </Filter>
    <Filter Include="Quelldateien\Camera">
      <UniqueIdentifier>{050ccb8f-6e88-414f-a50d-282198fa3166}</UniqueIdentifier>
    </Filter>
    <Filter Include="Quelldateien\Scene\3DScene\Material">
      <UniqueIdentifier>{718aa62d-754b-481c-9595-1e1b423880a2}</UniqueIdentifier>
    </Filter>
  </ItemGroup>
  <ItemGroup>
    <ClCompile Include="Main.cpp">
      <Filter>Quelldateien</Filter>
    </ClCompile>
    <ClCompile Include="2DScene.cpp">
      <Filter>Quelldateien\Scene\2DScene</Filter>
    </ClCompile>
    <ClCompile Include="System.cpp">
      <Filter>Quelldateien\System</Filter>
    </ClCompile>
    <ClCompile Include="SpriteBatch.cpp">
      <Filter>Quelldateien\SpriteBatch</Filter>
    </ClCompile>
    <ClCompile Include="Rect.cpp">
      <Filter>Quelldateien\SpriteBatch</Filter>
    </ClCompile>
    <ClCompile Include="SpriteFont.cpp">
      <Filter>Quelldateien\SpriteFont</Filter>
    </ClCompile>
    <ClCompile Include="Input.cpp">
      <Filter>Quelldateien\Input</Filter>
    </ClCompile>
    <ClCompile Include="Timer.cpp">
      <Filter>Quelldateien\Timer</Filter>
    </ClCompile>
    <ClCompile Include="3DScene.cpp">
      <Filter>Quelldateien\Scene\3DScene</Filter>
    </ClCompile>
    <ClCompile Include="Cube.cpp">
      <Filter>Quelldateien\Scene\3DScene\Würfel</Filter>
    </ClCompile>
    <ClCompile Include="Camera.cpp">
      <Filter>Quelldateien\Camera</Filter>
    </ClCompile>
    <ClCompile Include="Material.cpp">
      <Filter>Quelldateien\Scene\3DScene\Material</Filter>
    </ClCompile>
  </ItemGroup>
  <ItemGroup>
    <ClInclude Include="IScene.h">
      <Filter>Quelldateien\Scene</Filter>
    </ClInclude>
    <ClInclude Include="d3dinclude.h">
      <Filter>Quelldateien</Filter>
    </ClInclude>
    <ClInclude Include="2DScene.h">
      <Filter>Quelldateien\Scene\2DScene</Filter>
    </ClInclude>
    <ClInclude Include="System.h">
      <Filter>Quelldateien\System</Filter>
    </ClInclude>
    <ClInclude Include="VertexStruct.h">
      <Filter>Quelldateien</Filter>
    </ClInclude>
    <ClInclude Include="SpriteBatch.h">
      <Filter>Quelldateien\SpriteBatch</Filter>
    </ClInclude>
    <ClInclude Include="Rect.h">
      <Filter>Quelldateien\SpriteBatch</Filter>
    </ClInclude>
    <ClInclude Include="SpriteBatch_Vertex.h">
      <Filter>Quelldateien\SpriteBatch</Filter>
    </ClInclude>
    <ClInclude Include="SpriteFont.h">
      <Filter>Quelldateien\SpriteFont</Filter>
    </ClInclude>
    <ClInclude Include="Input.h">
      <Filter>Quelldateien\Input</Filter>
    </ClInclude>
    <ClInclude Include="Timer.h">
      <Filter>Quelldateien\Timer</Filter>
    </ClInclude>
    <ClInclude Include="3DScene.h">
      <Filter>Quelldateien\Scene\3DScene</Filter>
    </ClInclude>
    <ClInclude Include="Cube.h">
      <Filter>Quelldateien\Scene\3DScene\Würfel</Filter>
    </ClInclude>
    <ClInclude Include="Cube_Vertex.h">
      <Filter>Quelldateien\Scene\3DScene\Würfel</Filter>
    </ClInclude>
    <ClInclude Include="Camera.h">
      <Filter>Quelldateien\Camera</Filter>
    </ClInclude>
    <ClInclude Include="Material.h">
      <Filter>Quelldateien\Scene\3DScene\Material</Filter>
    </ClInclude>
  </ItemGroup>
  <ItemGroup>
    <FxCompile Include="UnserErsterShader.hlsl">
      <Filter>Quelldateien</Filter>
    </FxCompile>
    <FxCompile Include="SpriteBatch.hlsl">
      <Filter>Quelldateien\SpriteBatch</Filter>
    </FxCompile>
    <FxCompile Include="CubeShader.hlsl">
      <Filter>Quelldateien\Scene\3DScene\Würfel</Filter>
    </FxCompile>
  </ItemGroup>
</Project>