<?xml version="1.0" encoding="utf-8"?>
<Project ToolsVersion="4.0" xmlns="http://schemas.microsoft.com/developer/msbuild/2003">
  <ItemGroup>
    <Filter Include="Quelldateien">
      <UniqueIdentifier>{4FC737F1-C7A5-4376-A066-2A32D752A2FF}</UniqueIdentifier>
      <Extensions>cpp;c;cc;cxx;def;odl;idl;hpj;bat;asm;asmx</Extensions>
    </Filter>
    <Filter Include="Headerdateien">
      <UniqueIdentifier>{93995380-89BD-4b04-88EB-625FBE52EBFB}</UniqueIdentifier>
      <Extensions>h;hh;hpp;hxx;hm;inl;inc;xsd</Extensions>
    </Filter>
    <Filter Include="Ressourcendateien">
      <UniqueIdentifier>{67DA6AB6-F800-4c08-8B7A-83BB121AAD01}</UniqueIdentifier>
      <Extensions>rc;ico;cur;bmp;dlg;rc2;rct;bin;rgs;gif;jpg;jpeg;jpe;resx;tiff;tif;png;wav;mfcribbon-ms</Extensions>
    </Filter>
    <Filter Include="Quelldateien\Scene">
      <UniqueIdentifier>{c6ab7c39-ffb1-4ac6-9792-1bb84ec36952}</UniqueIdentifier>
    </Filter>
    <Filter Include="Quelldateien\Scene\2DScene">
      <UniqueIdentifier>{a7e3ea24-47e9-46a8-9d18-b5b0e8d61ba3}</UniqueIdentifier>
    </Filter>
    <Filter Include="Quelldateien\System">
      <UniqueIdentifier>{4c5c7b32-f84d-4555-a58c-6c8e04ffcc01}</UniqueIdentifier>
    </Filter>
    <Filter Include="Quelldateien\SpriteBatch">
      <UniqueIdentifier>{346fa6bb-7c62-48ec-a24f-099cfd941921}</UniqueIdentifier>
    </Filter>
    <Filter Include="Quelldateien\SpriteFont">
      <UniqueIdentifier>{c6ae2578-bc28-4f9b-b98b-7100d938f650}</UniqueIdentifier>
    </Filter>
    <Filter Include="Quelldateien\Input">
      <UniqueIdentifier>{b0f2a242-a38a-4038-9a59-da9434611899}</UniqueIdentifier>
    </Filter>
    <Filter Include="Quelldateien\Timer">
      <UniqueIdentifier>{b329e0bd-ec8f-49f1-acf0-abbecdaf579c}</UniqueIdentifier>
    </Filter>
    <Filter Include="Quelldateien\Scene\3DScene">
      <UniqueIdentifier>{f24216f4-51c4-4f1b-87c4-d583cbe8e7d4}</UniqueIdentifier>
    </Filter>
    <Filter Include="Quelldateien\Scene\3DScene\Würfel">
      <UniqueIdentifier>{83b6242d-4098-474b-a91e-f625758e0f71}</UniqueIdentifier>
    </Filter>
    <Filter Include="Quelldateien\Camera">
      <UniqueIdentifier>{050ccb8f-6e88-414f-a50d-282198fa3166}</UniqueIdentifier>
    </Filter>
    <Filter Include="Quelldateien\Scene\3DScene\Material">
      <UniqueIdentifier>{4fc79a2b-1cb4-426a-8e0d-3aa221e94a16}</UniqueIdentifier>
    </Filter>
    <Filter Include="Quelldateien\Scene\3DScene\Mesh">
      <UniqueIdentifier>{de42c58f-85d8-4651-aa9f-ba8eede3a084}</UniqueIdentifier>
    </Filter>
    <Filter Include="Quelldateien\Scene\3DScene\Transform">
      <UniqueIdentifier>{0c3c8617-1ee2-4394-b968-fe7e7605ff6f}</UniqueIdentifier>
    </Filter>
    <Filter Include="Quelldateien\Scene\3DScene\GameObject">
      <UniqueIdentifier>{c41bd839-04a4-425f-ae7c-a4be1b2c28da}</UniqueIdentifier>
    </Filter>
    <Filter Include="Quelldateien\Scene\3DScene\Material\TexturedMaterial">
      <UniqueIdentifier>{d5b50dd2-2767-45bd-9129-a37f7a68671e}</UniqueIdentifier>
    </Filter>
    <Filter Include="Quelldateien\Scene\3DScene\Material\TexturedNormMaterial">
      <UniqueIdentifier>{840cdceb-562a-4068-a5e3-d8ab8c5ebe26}</UniqueIdentifier>
    </Filter>
    <Filter Include="Quelldateien\Scene\3DScene\ObjMesh">
      <UniqueIdentifier>{19c4b8c9-cd21-4258-b98d-8d94d3859ff0}</UniqueIdentifier>
    </Filter>
    <Filter Include="Quelldateien\Scene\3DScene\ParticleSystem">
      <UniqueIdentifier>{1775afae-7780-4d36-8df5-dd9a333853ce}</UniqueIdentifier>
    </Filter>
    <Filter Include="Quelldateien\Scene\3DScene\VoxelChunk">
      <UniqueIdentifier>{2dcd8455-eb46-4052-86b0-562263b69878}</UniqueIdentifier>
    </Filter>
    <Filter Include="Quelldateien\Scene\3DScene\Plane">
      <UniqueIdentifier>{78a76cb1-b90f-401c-a716-ba07316e9eac}</UniqueIdentifier>
    </Filter>
    <Filter Include="Quelldateien\Scene\3DScene\ShadingDemo">
      <UniqueIdentifier>{3bbbc847-c7d3-4c02-9568-b8a1077756e4}</UniqueIdentifier>
    </Filter>
    <Filter Include="Quelldateien\Scene\3DScene\ShadowMap">
      <UniqueIdentifier>{ddfbebce-a565-49da-ad42-59f29f3f4649}</UniqueIdentifier>
    </Filter>
    <Filter Include="Quelldateien\Scene\3DScene\DirectionalLight">
      <UniqueIdentifier>{aa726af8-2284-499f-9211-7658aa38eb6a}</UniqueIdentifier>
    </Filter>
    <Filter Include="Quelldateien\Scene\3DScene\PerlinNoise">
      <UniqueIdentifier>{bbbc5079-3b0d-4abb-a6aa-deb50980d8af}</UniqueIdentifier>
    </Filter>
    <Filter Include="Quelldateien\Scene\3DScene\TilingTerrain">
      <UniqueIdentifier>{7bd86c20-e049-4d20-b6e0-776ce02bb0d7}</UniqueIdentifier>
    </Filter>
  </ItemGroup>
  <ItemGroup>
    <ClCompile Include="Main.cpp">
      <Filter>Quelldateien</Filter>
    </ClCompile>
    <ClCompile Include="2DScene.cpp">
      <Filter>Quelldateien\Scene\2DScene</Filter>
    </ClCompile>
    <ClCompile Include="System.cpp">
      <Filter>Quelldateien\System</Filter>
    </ClCompile>
    <ClCompile Include="SpriteBatch.cpp">
      <Filter>Quelldateien\SpriteBatch</Filter>
    </ClCompile>
    <ClCompile Include="Rect.cpp">
      <Filter>Quelldateien\SpriteBatch</Filter>
    </ClCompile>
    <ClCompile Include="SpriteFont.cpp">
      <Filter>Quelldateien\SpriteFont</Filter>
    </ClCompile>
    <ClCompile Include="Input.cpp">
      <Filter>Quelldateien\Input</Filter>
    </ClCompile>
    <ClCompile Include="Timer.cpp">
      <Filter>Quelldateien\Timer</Filter>
    </ClCompile>
    <ClCompile Include="3DScene.cpp">
      <Filter>Quelldateien\Scene\3DScene</Filter>
    </ClCompile>
    <ClCompile Include="Cube.cpp">
      <Filter>Quelldateien\Scene\3DScene\Würfel</Filter>
    </ClCompile>
    <ClCompile Include="Camera.cpp">
      <Filter>Quelldateien\Camera</Filter>
    </ClCompile>
    <ClCompile Include="Mesh.cpp">
      <Filter>Quelldateien\Scene\3DScene\Mesh</Filter>
    </ClCompile>
    <ClCompile Include="Transform.cpp">
      <Filter>Quelldateien\Scene\3DScene\Transform</Filter>
    </ClCompile>
    <ClCompile Include="GameObject.cpp">
      <Filter>Quelldateien\Scene\3DScene\GameObject</Filter>
    </ClCompile>
    <ClCompile Include="TexturedMaterial.cpp">
      <Filter>Quelldateien\Scene\3DScene\Material\TexturedMaterial</Filter>
    </ClCompile>
    <ClCompile Include="Material.cpp">
      <Filter>Quelldateien\Scene\3DScene\Material</Filter>
    </ClCompile>
    <ClCompile Include="TexturedNormMaterial.cpp">
      <Filter>Quelldateien\Scene\3DScene\Material\TexturedNormMaterial</Filter>
    </ClCompile>
    <ClCompile Include="ObjMesh.cpp">
      <Filter>Quelldateien\Scene\3DScene\ObjMesh</Filter>
    </ClCompile>
    <ClCompile Include="ParticleSystem.cpp">
      <Filter>Quelldateien\Scene\3DScene\ParticleSystem</Filter>
    </ClCompile>
    <ClCompile Include="Chunk.cpp">
      <Filter>Quelldateien\Scene\3DScene\VoxelChunk</Filter>
    </ClCompile>
    <ClCompile Include="Plane.cpp">
      <Filter>Quelldateien\Scene\3DScene\Plane</Filter>
    </ClCompile>
    <ClCompile Include="ShadingDemo.cpp">
      <Filter>Quelldateien\Scene\3DScene\ShadingDemo</Filter>
    </ClCompile>
    <ClCompile Include="ShadowMap.cpp">
      <Filter>Quelldateien\Scene\3DScene\ShadowMap</Filter>
    </ClCompile>
    <ClCompile Include="DirectionalLight.cpp">
      <Filter>Quelldateien\Scene\3DScene\DirectionalLight</Filter>
    </ClCompile>
    <ClCompile Include="PerlinNoise.cpp">
      <Filter>Quelldateien\Scene\3DScene\PerlinNoise</Filter>
    </ClCompile>
    <ClCompile Include="PerlinNoiseOctave.cpp">
      <Filter>Quelldateien\Scene\3DScene\PerlinNoise</Filter>
    </ClCompile>
    <ClCompile Include="TilingTerrain.cpp">
      <Filter>Quelldateien\Scene\3DScene\TilingTerrain</Filter>
    </ClCompile>
    <ClCompile Include="TilingTerrain_Data.cpp">
      <Filter>Quelldateien\Scene\3DScene\TilingTerrain</Filter>
    </ClCompile>
    <ClCompile Include="TilingTerrain_Layer.cpp">
      <Filter>Quelldateien\Scene\3DScene\TilingTerrain</Filter>
    </ClCompile>
  </ItemGroup>
  <ItemGroup>
    <ClInclude Include="IScene.h">
      <Filter>Quelldateien\Scene</Filter>
    </ClInclude>
    <ClInclude Include="d3dinclude.h">
      <Filter>Quelldateien</Filter>
    </ClInclude>
    <ClInclude Include="2DScene.h">
      <Filter>Quelldateien\Scene\2DScene</Filter>
    </ClInclude>
    <ClInclude Include="System.h">
      <Filter>Quelldateien\System</Filter>
    </ClInclude>
    <ClInclude Include="VertexStruct.h">
      <Filter>Quelldateien</Filter>
    </ClInclude>
    <ClInclude Include="SpriteBatch.h">
      <Filter>Quelldateien\SpriteBatch</Filter>
    </ClInclude>
    <ClInclude Include="Rect.h">
      <Filter>Quelldateien\SpriteBatch</Filter>
    </ClInclude>
    <ClInclude Include="SpriteBatch_Vertex.h">
      <Filter>Quelldateien\SpriteBatch</Filter>
    </ClInclude>
    <ClInclude Include="SpriteFont.h">
      <Filter>Quelldateien\SpriteFont</Filter>
    </ClInclude>
    <ClInclude Include="Input.h">
      <Filter>Quelldateien\Input</Filter>
    </ClInclude>
    <ClInclude Include="Timer.h">
      <Filter>Quelldateien\Timer</Filter>
    </ClInclude>
    <ClInclude Include="3DScene.h">
      <Filter>Quelldateien\Scene\3DScene</Filter>
    </ClInclude>
    <ClInclude Include="Cube.h">
      <Filter>Quelldateien\Scene\3DScene\Würfel</Filter>
    </ClInclude>
    <ClInclude Include="Cube_Vertex.h">
      <Filter>Quelldateien\Scene\3DScene\Würfel</Filter>
    </ClInclude>
    <ClInclude Include="Camera.h">
      <Filter>Quelldateien\Camera</Filter>
    </ClInclude>
    <ClInclude Include="Mesh.h">
      <Filter>Quelldateien\Scene\3DScene\Mesh</Filter>
    </ClInclude>
    <ClInclude Include="Transform.h">
      <Filter>Quelldateien\Scene\3DScene\Transform</Filter>
    </ClInclude>
    <ClInclude Include="GameObject.h">
      <Filter>Quelldateien\Scene\3DScene\GameObject</Filter>
    </ClInclude>
    <ClInclude Include="TexturedMaterial.h">
      <Filter>Quelldateien\Scene\3DScene\Material\TexturedMaterial</Filter>
    </ClInclude>
    <ClInclude Include="Material.h">
      <Filter>Quelldateien\Scene\3DScene\Material</Filter>
    </ClInclude>
    <ClInclude Include="TexturedNormMaterial.h">
      <Filter>Quelldateien\Scene\3DScene\Material\TexturedNormMaterial</Filter>
    </ClInclude>
    <ClInclude Include="ObjMesh.h">
      <Filter>Quelldateien\Scene\3DScene\ObjMesh</Filter>
    </ClInclude>
    <ClInclude Include="ObjMesh_VertexStruct.h">
      <Filter>Quelldateien\Scene\3DScene\ObjMesh</Filter>
    </ClInclude>
    <ClInclude Include="Particle.h">
      <Filter>Quelldateien\Scene\3DScene\ParticleSystem</Filter>
    </ClInclude>
    <ClInclude Include="ParticleSystem.h">
      <Filter>Quelldateien\Scene\3DScene\ParticleSystem</Filter>
    </ClInclude>
    <ClInclude Include="Chunk.h">
      <Filter>Quelldateien\Scene\3DScene\VoxelChunk</Filter>
    </ClInclude>
    <ClInclude Include="Chunk_Structs.h">
      <Filter>Quelldateien\Scene\3DScene\VoxelChunk</Filter>
    </ClInclude>
    <ClInclude Include="Plane.h">
      <Filter>Quelldateien\Scene\3DScene\Plane</Filter>
    </ClInclude>
    <ClInclude Include="PlaneStruct.h">
      <Filter>Quelldateien\Scene\3DScene\Plane</Filter>
    </ClInclude>
    <ClInclude Include="ShadingDemo_Structs.h">
      <Filter>Quelldateien\Scene\3DScene\ShadingDemo</Filter>
    </ClInclude>
    <ClInclude Include="ShadingDemo.h">
      <Filter>Quelldateien\Scene\3DScene\ShadingDemo</Filter>
    </ClInclude>
    <ClInclude Include="ShadowMap.h">
      <Filter>Quelldateien\Scene\3DScene\ShadowMap</Filter>
    </ClInclude>
    <ClInclude Include="DirectionalLight.h">
      <Filter>Quelldateien\Scene\3DScene\DirectionalLight</Filter>
    </ClInclude>
    <ClInclude Include="PerlinNoise.h">
      <Filter>Quelldateien\Scene\3DScene\PerlinNoise</Filter>
    </ClInclude>
    <ClInclude Include="PerlinNoiseOctaves.h">
      <Filter>Quelldateien\Scene\3DScene\PerlinNoise</Filter>
    </ClInclude>
    <ClInclude Include="TilingTerrain.h">
      <Filter>Quelldateien\Scene\3DScene\TilingTerrain</Filter>
    </ClInclude>
    <ClInclude Include="TilingTerrain_Data.h">
      <Filter>Quelldateien\Scene\3DScene\TilingTerrain</Filter>
    </ClInclude>
    <ClInclude Include="TilingTerrain_Layer.h">
      <Filter>Quelldateien\Scene\3DScene\TilingTerrain</Filter>
    </ClInclude>
    <ClInclude Include="TilingTerrain_Structs.h">
      <Filter>Quelldateien\Scene\3DScene\TilingTerrain</Filter>
    </ClInclude>
  </ItemGroup>
  <ItemGroup>
    <FxCompile Include="UnserErsterShader.hlsl">
      <Filter>Quelldateien</Filter>
    </FxCompile>
    <FxCompile Include="SpriteBatch.hlsl">
      <Filter>Quelldateien\SpriteBatch</Filter>
    </FxCompile>
    <FxCompile Include="CubeShader.hlsl">
      <Filter>Quelldateien\Scene\3DScene\Material\TexturedMaterial</Filter>
    </FxCompile>
    <FxCompile Include="TexturedNormShader.hlsl">
      <Filter>Quelldateien\Scene\3DScene\Material\TexturedNormMaterial</Filter>
    </FxCompile>
    <FxCompile Include="ParticleShader.hlsl">
      <Filter>Quelldateien\Scene\3DScene\ParticleSystem</Filter>
    </FxCompile>
    <FxCompile Include="VoxelShader.hlsl">
      <Filter>Quelldateien\Scene\3DScene\VoxelChunk</Filter>
    </FxCompile>
    <FxCompile Include="PlaneShader.hlsl">
      <Filter>Quelldateien\Scene\3DScene\Plane</Filter>
    </FxCompile>
    <FxCompile Include="ShadingDemo.hlsl">
      <Filter>Quelldateien\Scene\3DScene\ShadingDemo</Filter>
    </FxCompile>
    <FxCompile Include="TilingTerrainShader.hlsl">
      <Filter>Quelldateien\Scene\3DScene\TilingTerrain</Filter>
    </FxCompile>
  </ItemGroup>
</Project>